{
  "name": "frontend",
  "lockfileVersion": 3,
  "requires": true,
  "packages": {
    "": {
      "dependencies": {
        "dreamspace-studio": "file:.."
      }
    },
    "..": {
      "name": "dreamspace-studio",
      "version": "1.0.0",
      "dependencies": {
        "@google/genai": "^1.38.0",
        "@vitejs/plugin-react": "^4.3.4",
        "lucide-react": "^0.462.0",
        "react": "^19.0.0",
        "react-dom": "^19.0.0",
        "three": "^0.173.0",
        "vite": "^6.0.0"
      }
    },
    "node_modules/dreamspace-studio": {
      "resolved": "..",
      "link": true
    }
  }
}
